
Microsoft Visual Studio Solution File, Format Version 12.00
# Visual Studio 15
VisualStudioVersion = 15.0.28307.168
MinimumVisualStudioVersion = 10.0.40219.1
Project("{CC5FD16D-436D-48AD-A40C-5A424C6E3E79}") = "AzureCloudService", "AzureCloudService\AzureCloudService.ccproj", "{1E94DEA2-108F-4737-A112-52BEF536F91C}"
EndProject
Project("{FAE04EC0-301F-11D3-BF4B-00C04F79EFBC}") = "WebRole1", "WebRole1\WebRole1.csproj", "{B9297E15-F06A-4DFF-AB6C-1A2034CAB9BF}"
EndProject
Global
	GlobalSection(SolutionConfigurationPlatforms) = preSolution
		Debug|Any CPU = Debug|Any CPU
		Release|Any CPU = Release|Any CPU
	EndGlobalSection
	GlobalSection(ProjectConfigurationPlatforms) = postSolution
		{1E94DEA2-108F-4737-A112-52BEF536F91C}.Debug|Any CPU.ActiveCfg = Debug|Any CPU
		{1E94DEA2-108F-4737-A112-52BEF536F91C}.Debug|Any CPU.Build.0 = Debug|Any CPU
		{1E94DEA2-108F-4737-A112-52BEF536F91C}.Release|Any CPU.ActiveCfg = Release|Any CPU
		{1E94DEA2-108F-4737-A112-52BEF536F91C}.Release|Any CPU.Build.0 = Release|Any CPU
		{B9297E15-F06A-4DFF-AB6C-1A2034CAB9BF}.Debug|Any CPU.ActiveCfg = Debug|Any CPU
		{B9297E15-F06A-4DFF-AB6C-1A2034CAB9BF}.Debug|Any CPU.Build.0 = Debug|Any CPU
		{B9297E15-F06A-4DFF-AB6C-1A2034CAB9BF}.Release|Any CPU.ActiveCfg = Release|Any CPU
		{B9297E15-F06A-4DFF-AB6C-1A2034CAB9BF}.Release|Any CPU.Build.0 = Release|Any CPU
	EndGlobalSection
	GlobalSection(SolutionProperties) = preSolution
		HideSolutionNode = FALSE
	EndGlobalSection
	GlobalSection(ExtensibilityGlobals) = postSolution
		SolutionGuid = {61C8C816-6BEE-4460-ACDF-791252061ED8}
	EndGlobalSection
EndGlobal
